
Microsoft Visual Studio Solution File, Format Version 12.00
# Visual Studio Version 17
VisualStudioVersion = 17.5.002.0
MinimumVisualStudioVersion = 10.0.40219.1
Project("{9A19103F-16F7-4668-BE54-9A1E7A4F7556}") = "ReservationService", "ReservationService\ReservationService.csproj", "{F636D82E-E912-42FC-A382-E12B61B9B27B}"
EndProject
Project("{FAE04EC0-301F-11D3-BF4B-00C04F79EFBC}") = "GatewayService", "GatewayService\GatewayService.csproj", "{C1538E6D-3A2D-47DD-8C22-3B1AF5E387D9}"
EndProject
Project("{FAE04EC0-301F-11D3-BF4B-00C04F79EFBC}") = "LoyaltyService", "LoyaltyService\LoyaltyService.csproj", "{4A34D5B6-6D37-4D85-A34A-6F02A15EC64F}"
EndProject
Project("{FAE04EC0-301F-11D3-BF4B-00C04F79EFBC}") = "PaymentService", "PaymentService\PaymentService.csproj", "{59F360D2-EBFE-4A7E-A646-A4FC8B5CF892}"
EndProject
Project("{FAE04EC0-301F-11D3-BF4B-00C04F79EFBC}") = "DIPS_lab2.Tests", "DIPS_lab2.Tests\DIPS_lab2.Tests.csproj", "{5126AFAB-5514-4689-8872-307F7D04F624}"
EndProject
Global
	GlobalSection(SolutionConfigurationPlatforms) = preSolution
		Debug|Any CPU = Debug|Any CPU
		Release|Any CPU = Release|Any CPU
	EndGlobalSection
	GlobalSection(ProjectConfigurationPlatforms) = postSolution
		{F636D82E-E912-42FC-A382-E12B61B9B27B}.Debug|Any CPU.ActiveCfg = Debug|Any CPU
		{F636D82E-E912-42FC-A382-E12B61B9B27B}.Debug|Any CPU.Build.0 = Debug|Any CPU
		{F636D82E-E912-42FC-A382-E12B61B9B27B}.Release|Any CPU.ActiveCfg = Release|Any CPU
		{F636D82E-E912-42FC-A382-E12B61B9B27B}.Release|Any CPU.Build.0 = Release|Any CPU
		{C1538E6D-3A2D-47DD-8C22-3B1AF5E387D9}.Debug|Any CPU.ActiveCfg = Debug|Any CPU
		{C1538E6D-3A2D-47DD-8C22-3B1AF5E387D9}.Debug|Any CPU.Build.0 = Debug|Any CPU
		{C1538E6D-3A2D-47DD-8C22-3B1AF5E387D9}.Release|Any CPU.ActiveCfg = Release|Any CPU
		{C1538E6D-3A2D-47DD-8C22-3B1AF5E387D9}.Release|Any CPU.Build.0 = Release|Any CPU
		{4A34D5B6-6D37-4D85-A34A-6F02A15EC64F}.Debug|Any CPU.ActiveCfg = Debug|Any CPU
		{4A34D5B6-6D37-4D85-A34A-6F02A15EC64F}.Debug|Any CPU.Build.0 = Debug|Any CPU
		{4A34D5B6-6D37-4D85-A34A-6F02A15EC64F}.Release|Any CPU.ActiveCfg = Release|Any CPU
		{4A34D5B6-6D37-4D85-A34A-6F02A15EC64F}.Release|Any CPU.Build.0 = Release|Any CPU
		{59F360D2-EBFE-4A7E-A646-A4FC8B5CF892}.Debug|Any CPU.ActiveCfg = Debug|Any CPU
		{59F360D2-EBFE-4A7E-A646-A4FC8B5CF892}.Debug|Any CPU.Build.0 = Debug|Any CPU
		{59F360D2-EBFE-4A7E-A646-A4FC8B5CF892}.Release|Any CPU.ActiveCfg = Release|Any CPU
		{59F360D2-EBFE-4A7E-A646-A4FC8B5CF892}.Release|Any CPU.Build.0 = Release|Any CPU
		{5126AFAB-5514-4689-8872-307F7D04F624}.Debug|Any CPU.ActiveCfg = Debug|Any CPU
		{5126AFAB-5514-4689-8872-307F7D04F624}.Debug|Any CPU.Build.0 = Debug|Any CPU
		{5126AFAB-5514-4689-8872-307F7D04F624}.Release|Any CPU.ActiveCfg = Release|Any CPU
		{5126AFAB-5514-4689-8872-307F7D04F624}.Release|Any CPU.Build.0 = Release|Any CPU
	EndGlobalSection
	GlobalSection(SolutionProperties) = preSolution
		HideSolutionNode = FALSE
	EndGlobalSection
	GlobalSection(ExtensibilityGlobals) = postSolution
		SolutionGuid = {2284774E-0EF1-43D5-85C9-AF3F5B62709E}
	EndGlobalSection
EndGlobal
